
Microsoft Visual Studio Solution File, Format Version 12.00
# Visual Studio Version 17
VisualStudioVersion = 17.0.31903.59
MinimumVisualStudioVersion = 10.0.40219.1
Project("{FAE04EC0-301F-11D3-BF4B-00C04F79EFBC}") = "MeteoApp", "MeteoApp\MeteoApp.csproj", "{DA000883-928C-48CC-9B8F-8EF0834EE92E}"
EndProject
Project("{FAE04EC0-301F-11D3-BF4B-00C04F79EFBC}") = "MeteoApp.Core", "MeteoApp.Core\MeteoApp.Core.csproj", "{55718BA3-FBEB-43EC-9D79-9A6816B52DC4}"
EndProject
Global
	GlobalSection(SolutionConfigurationPlatforms) = preSolution
		Debug|Any CPU = Debug|Any CPU
		Release|Any CPU = Release|Any CPU
	EndGlobalSection
	GlobalSection(SolutionProperties) = preSolution
		HideSolutionNode = FALSE
	EndGlobalSection
	GlobalSection(ProjectConfigurationPlatforms) = postSolution
		{DA000883-928C-48CC-9B8F-8EF0834EE92E}.Debug|Any CPU.ActiveCfg = Debug|Any CPU
		{DA000883-928C-48CC-9B8F-8EF0834EE92E}.Debug|Any CPU.Build.0 = Debug|Any CPU
		{DA000883-928C-48CC-9B8F-8EF0834EE92E}.Release|Any CPU.ActiveCfg = Release|Any CPU
		{DA000883-928C-48CC-9B8F-8EF0834EE92E}.Release|Any CPU.Build.0 = Release|Any CPU
		{55718BA3-FBEB-43EC-9D79-9A6816B52DC4}.Debug|Any CPU.ActiveCfg = Debug|Any CPU
		{55718BA3-FBEB-43EC-9D79-9A6816B52DC4}.Debug|Any CPU.Build.0 = Debug|Any CPU
		{55718BA3-FBEB-43EC-9D79-9A6816B52DC4}.Release|Any CPU.ActiveCfg = Release|Any CPU
		{55718BA3-FBEB-43EC-9D79-9A6816B52DC4}.Release|Any CPU.Build.0 = Release|Any CPU
	EndGlobalSection
EndGlobal
